
Microsoft Visual Studio Solution File, Format Version 12.00
# Visual Studio Version 17
VisualStudioVersion = 17.0.31903.59
MinimumVisualStudioVersion = 10.0.40219.1
Project("{2150E333-8FDC-42A3-9474-1A3956D46DE8}") = "src", "src", "{827E0CD3-B72D-47B6-A68D-7590B98EB39B}"
EndProject
Project("{FAE04EC0-301F-11D3-BF4B-00C04F79EFBC}") = "LTS.Domain", "src\LTS.Domain\LTS.Domain.csproj", "{7D645996-F4D8-4171-A80D-941A66E69E57}"
EndProject
Project("{FAE04EC0-301F-11D3-BF4B-00C04F79EFBC}") = "LTS.Application", "src\LTS.Application\LTS.Application.csproj", "{5BEF11CF-9F0D-4B24-AAB9-26C632259EF3}"
EndProject
Project("{FAE04EC0-301F-11D3-BF4B-00C04F79EFBC}") = "LTS.Infrastructure", "src\LTS.Infrastructure\LTS.Infrastructure.csproj", "{070E421B-2E97-4026-B30E-3985243DFF3C}"
EndProject
Project("{FAE04EC0-301F-11D3-BF4B-00C04F79EFBC}") = "LTS.Web", "src\LTS.Web\LTS.Web.csproj", "{8B59A822-E97E-461D-A084-5B628107ABA8}"
EndProject
Project("{FAE04EC0-301F-11D3-BF4B-00C04F79EFBC}") = "LTS.Tests", "tests\LTS.Tests\LTS.Tests.csproj", "{87DE58BE-AF1E-4E0C-BFDE-14B69C257AA5}"
EndProject
Global
	GlobalSection(SolutionConfigurationPlatforms) = preSolution
		Debug|Any CPU = Debug|Any CPU
		Debug|x64 = Debug|x64
		Debug|x86 = Debug|x86
		Release|Any CPU = Release|Any CPU
		Release|x64 = Release|x64
		Release|x86 = Release|x86
	EndGlobalSection
	GlobalSection(ProjectConfigurationPlatforms) = postSolution
		{7D645996-F4D8-4171-A80D-941A66E69E57}.Debug|Any CPU.ActiveCfg = Debug|Any CPU
		{7D645996-F4D8-4171-A80D-941A66E69E57}.Debug|Any CPU.Build.0 = Debug|Any CPU
		{7D645996-F4D8-4171-A80D-941A66E69E57}.Debug|x64.ActiveCfg = Debug|Any CPU
		{7D645996-F4D8-4171-A80D-941A66E69E57}.Debug|x64.Build.0 = Debug|Any CPU
		{7D645996-F4D8-4171-A80D-941A66E69E57}.Debug|x86.ActiveCfg = Debug|Any CPU
		{7D645996-F4D8-4171-A80D-941A66E69E57}.Debug|x86.Build.0 = Debug|Any CPU
		{7D645996-F4D8-4171-A80D-941A66E69E57}.Release|Any CPU.ActiveCfg = Release|Any CPU
		{7D645996-F4D8-4171-A80D-941A66E69E57}.Release|Any CPU.Build.0 = Release|Any CPU
		{7D645996-F4D8-4171-A80D-941A66E69E57}.Release|x64.ActiveCfg = Release|Any CPU
		{7D645996-F4D8-4171-A80D-941A66E69E57}.Release|x64.Build.0 = Release|Any CPU
		{7D645996-F4D8-4171-A80D-941A66E69E57}.Release|x86.ActiveCfg = Release|Any CPU
		{7D645996-F4D8-4171-A80D-941A66E69E57}.Release|x86.Build.0 = Release|Any CPU
		{5BEF11CF-9F0D-4B24-AAB9-26C632259EF3}.Debug|Any CPU.ActiveCfg = Debug|Any CPU
		{5BEF11CF-9F0D-4B24-AAB9-26C632259EF3}.Debug|Any CPU.Build.0 = Debug|Any CPU
		{5BEF11CF-9F0D-4B24-AAB9-26C632259EF3}.Debug|x64.ActiveCfg = Debug|Any CPU
		{5BEF11CF-9F0D-4B24-AAB9-26C632259EF3}.Debug|x64.Build.0 = Debug|Any CPU
		{5BEF11CF-9F0D-4B24-AAB9-26C632259EF3}.Debug|x86.ActiveCfg = Debug|Any CPU
		{5BEF11CF-9F0D-4B24-AAB9-26C632259EF3}.Debug|x86.Build.0 = Debug|Any CPU
		{5BEF11CF-9F0D-4B24-AAB9-26C632259EF3}.Release|Any CPU.ActiveCfg = Release|Any CPU
		{5BEF11CF-9F0D-4B24-AAB9-26C632259EF3}.Release|Any CPU.Build.0 = Release|Any CPU
		{5BEF11CF-9F0D-4B24-AAB9-26C632259EF3}.Release|x64.ActiveCfg = Release|Any CPU
		{5BEF11CF-9F0D-4B24-AAB9-26C632259EF3}.Release|x64.Build.0 = Release|Any CPU
		{5BEF11CF-9F0D-4B24-AAB9-26C632259EF3}.Release|x86.ActiveCfg = Release|Any CPU
		{5BEF11CF-9F0D-4B24-AAB9-26C632259EF3}.Release|x86.Build.0 = Release|Any CPU
		{070E421B-2E97-4026-B30E-3985243DFF3C}.Debug|Any CPU.ActiveCfg = Debug|Any CPU
		{070E421B-2E97-4026-B30E-3985243DFF3C}.Debug|Any CPU.Build.0 = Debug|Any CPU
		{070E421B-2E97-4026-B30E-3985243DFF3C}.Debug|x64.ActiveCfg = Debug|Any CPU
		{070E421B-2E97-4026-B30E-3985243DFF3C}.Debug|x64.Build.0 = Debug|Any CPU
		{070E421B-2E97-4026-B30E-3985243DFF3C}.Debug|x86.ActiveCfg = Debug|Any CPU
		{070E421B-2E97-4026-B30E-3985243DFF3C}.Debug|x86.Build.0 = Debug|Any CPU
		{070E421B-2E97-4026-B30E-3985243DFF3C}.Release|Any CPU.ActiveCfg = Release|Any CPU
		{070E421B-2E97-4026-B30E-3985243DFF3C}.Release|Any CPU.Build.0 = Release|Any CPU
		{070E421B-2E97-4026-B30E-3985243DFF3C}.Release|x64.ActiveCfg = Release|Any CPU
		{070E421B-2E97-4026-B30E-3985243DFF3C}.Release|x64.Build.0 = Release|Any CPU
		{070E421B-2E97-4026-B30E-3985243DFF3C}.Release|x86.ActiveCfg = Release|Any CPU
		{070E421B-2E97-4026-B30E-3985243DFF3C}.Release|x86.Build.0 = Release|Any CPU
		{8B59A822-E97E-461D-A084-5B628107ABA8}.Debug|Any CPU.ActiveCfg = Debug|Any CPU
		{8B59A822-E97E-461D-A084-5B628107ABA8}.Debug|Any CPU.Build.0 = Debug|Any CPU
		{8B59A822-E97E-461D-A084-5B628107ABA8}.Debug|x64.ActiveCfg = Debug|Any CPU
		{8B59A822-E97E-461D-A084-5B628107ABA8}.Debug|x64.Build.0 = Debug|Any CPU
		{8B59A822-E97E-461D-A084-5B628107ABA8}.Debug|x86.ActiveCfg = Debug|Any CPU
		{8B59A822-E97E-461D-A084-5B628107ABA8}.Debug|x86.Build.0 = Debug|Any CPU
		{8B59A822-E97E-461D-A084-5B628107ABA8}.Release|Any CPU.ActiveCfg = Release|Any CPU
		{8B59A822-E97E-461D-A084-5B628107ABA8}.Release|Any CPU.Build.0 = Release|Any CPU
		{8B59A822-E97E-461D-A084-5B628107ABA8}.Release|x64.ActiveCfg = Release|Any CPU
		{8B59A822-E97E-461D-A084-5B628107ABA8}.Release|x64.Build.0 = Release|Any CPU
		{8B59A822-E97E-461D-A084-5B628107ABA8}.Release|x86.ActiveCfg = Release|Any CPU
		{8B59A822-E97E-461D-A084-5B628107ABA8}.Release|x86.Build.0 = Release|Any CPU
		{87DE58BE-AF1E-4E0C-BFDE-14B69C257AA5}.Debug|Any CPU.ActiveCfg = Debug|Any CPU
		{87DE58BE-AF1E-4E0C-BFDE-14B69C257AA5}.Debug|Any CPU.Build.0 = Debug|Any CPU
		{87DE58BE-AF1E-4E0C-BFDE-14B69C257AA5}.Debug|x64.ActiveCfg = Debug|Any CPU
		{87DE58BE-AF1E-4E0C-BFDE-14B69C257AA5}.Debug|x64.Build.0 = Debug|Any CPU
		{87DE58BE-AF1E-4E0C-BFDE-14B69C257AA5}.Debug|x86.ActiveCfg = Debug|Any CPU
		{87DE58BE-AF1E-4E0C-BFDE-14B69C257AA5}.Debug|x86.Build.0 = Debug|Any CPU
		{87DE58BE-AF1E-4E0C-BFDE-14B69C257AA5}.Release|Any CPU.ActiveCfg = Release|Any CPU
		{87DE58BE-AF1E-4E0C-BFDE-14B69C257AA5}.Release|Any CPU.Build.0 = Release|Any CPU
		{87DE58BE-AF1E-4E0C-BFDE-14B69C257AA5}.Release|x64.ActiveCfg = Release|Any CPU
		{87DE58BE-AF1E-4E0C-BFDE-14B69C257AA5}.Release|x64.Build.0 = Release|Any CPU
		{87DE58BE-AF1E-4E0C-BFDE-14B69C257AA5}.Release|x86.ActiveCfg = Release|Any CPU
		{87DE58BE-AF1E-4E0C-BFDE-14B69C257AA5}.Release|x86.Build.0 = Release|Any CPU
	EndGlobalSection
	GlobalSection(SolutionProperties) = preSolution
		HideSolutionNode = FALSE
	EndGlobalSection
	GlobalSection(NestedProjects) = preSolution
		{7D645996-F4D8-4171-A80D-941A66E69E57} = {827E0CD3-B72D-47B6-A68D-7590B98EB39B}
		{5BEF11CF-9F0D-4B24-AAB9-26C632259EF3} = {827E0CD3-B72D-47B6-A68D-7590B98EB39B}
		{070E421B-2E97-4026-B30E-3985243DFF3C} = {827E0CD3-B72D-47B6-A68D-7590B98EB39B}
		{8B59A822-E97E-461D-A084-5B628107ABA8} = {827E0CD3-B72D-47B6-A68D-7590B98EB39B}
		{87DE58BE-AF1E-4E0C-BFDE-14B69C257AA5} = {827E0CD3-B72D-47B6-A68D-7590B98EB39B}
	EndGlobalSection
EndGlobal
